
Microsoft Visual Studio Solution File, Format Version 12.00
# Visual Studio 2012
Project("{FAE04EC0-301F-11D3-BF4B-00C04F79EFBC}") = "WindowsFormsApplication5", "WindowsFormsApplication5\WindowsFormsApplication5.csproj", "{F8414E55-200A-440D-958B-AC27D6CA0379}"
EndProject
Project("{FAE04EC0-301F-11D3-BF4B-00C04F79EFBC}") = "IES_ISO14443_Share", "..\IES_ISO14443_Share\IES_ISO14443_Share.csproj", "{D2138AFE-D170-4DB5-8681-8C1F4AD90568}"
EndProject
Global
	GlobalSection(SolutionConfigurationPlatforms) = preSolution
		Debug|Any CPU = Debug|Any CPU
		Release|Any CPU = Release|Any CPU
	EndGlobalSection
	GlobalSection(ProjectConfigurationPlatforms) = postSolution
		{F8414E55-200A-440D-958B-AC27D6CA0379}.Debug|Any CPU.ActiveCfg = Debug|Any CPU
		{F8414E55-200A-440D-958B-AC27D6CA0379}.Debug|Any CPU.Build.0 = Debug|Any CPU
		{F8414E55-200A-440D-958B-AC27D6CA0379}.Release|Any CPU.ActiveCfg = Release|Any CPU
		{F8414E55-200A-440D-958B-AC27D6CA0379}.Release|Any CPU.Build.0 = Release|Any CPU
		{D2138AFE-D170-4DB5-8681-8C1F4AD90568}.Debug|Any CPU.ActiveCfg = Debug|Any CPU
		{D2138AFE-D170-4DB5-8681-8C1F4AD90568}.Debug|Any CPU.Build.0 = Debug|Any CPU
		{D2138AFE-D170-4DB5-8681-8C1F4AD90568}.Release|Any CPU.ActiveCfg = Release|Any CPU
		{D2138AFE-D170-4DB5-8681-8C1F4AD90568}.Release|Any CPU.Build.0 = Release|Any CPU
	EndGlobalSection
	GlobalSection(SolutionProperties) = preSolution
		HideSolutionNode = FALSE
	EndGlobalSection
EndGlobal
